
Microsoft Visual Studio Solution File, Format Version 12.00
# Visual Studio Version 16
VisualStudioVersion = 16.0.29201.188
MinimumVisualStudioVersion = 10.0.40219.1
Project("{FAE04EC0-301F-11D3-BF4B-00C04F79EFBC}") = "WindowsFormsApp1", "WindowsFormsApp1\WindowsFormsApp1.csproj", "{52396679-A845-4BA9-87E3-11D17B016745}"
EndProject
Global
	GlobalSection(SolutionConfigurationPlatforms) = preSolution
		Debug|Any CPU = Debug|Any CPU
		Release|Any CPU = Release|Any CPU
	EndGlobalSection
	GlobalSection(ProjectConfigurationPlatforms) = postSolution
		{52396679-A845-4BA9-87E3-11D17B016745}.Debug|Any CPU.ActiveCfg = Debug|Any CPU
		{52396679-A845-4BA9-87E3-11D17B016745}.Debug|Any CPU.Build.0 = Debug|Any CPU
		{52396679-A845-4BA9-87E3-11D17B016745}.Release|Any CPU.ActiveCfg = Release|Any CPU
		{52396679-A845-4BA9-87E3-11D17B016745}.Release|Any CPU.Build.0 = Release|Any CPU
	EndGlobalSection
	GlobalSection(SolutionProperties) = preSolution
		HideSolutionNode = FALSE
	EndGlobalSection
	GlobalSection(ExtensibilityGlobals) = postSolution
		SolutionGuid = {830CDBC3-2870-47E1-8AF2-6E4870A3B37C}
	EndGlobalSection
EndGlobal
